// !$*UTF8*$!
{
	archiveVersion = 1;
	classes = {
	};
	objectVersion = 56;
	objects = {

/* Begin PBXBuildFile section */
		072AF11E2BD7CDF400F2CB72 /* ScrollableTabViewApp.swift in Sources */ = {isa = PBXBuildFile; fileRef = 072AF11D2BD7CDF400F2CB72 /* ScrollableTabViewApp.swift */; };
		072AF1202BD7CDF400F2CB72 /* ContentView.swift in Sources */ = {isa = PBXBuildFile; fileRef = 072AF11F2BD7CDF400F2CB72 /* ContentView.swift */; };
		072AF1222BD7CDF500F2CB72 /* Assets.xcassets in Resources */ = {isa = PBXBuildFile; fileRef = 072AF1212BD7CDF500F2CB72 /* Assets.xcassets */; };
		072AF1252BD7CDF500F2CB72 /* Preview Assets.xcassets in Resources */ = {isa = PBXBuildFile; fileRef = 072AF1242BD7CDF500F2CB72 /* Preview Assets.xcassets */; };
		072AF12E2BD7CF7800F2CB72 /* Home.swift in Sources */ = {isa = PBXBuildFile; fileRef = 072AF12D2BD7CF7800F2CB72 /* Home.swift */; };
		072AF1302BD7CF9000F2CB72 /* Tab.swift in Sources */ = {isa = PBXBuildFile; fileRef = 072AF12F2BD7CF9000F2CB72 /* Tab.swift */; };
		072AF1332BD7D70600F2CB72 /* View+Extensions.swift in Sources */ = {isa = PBXBuildFile; fileRef = 072AF1322BD7D70600F2CB72 /* View+Extensions.swift */; };
/* End PBXBuildFile section */

/* Begin PBXFileReference section */
		072AF11A2BD7CDF400F2CB72 /* ScrollableTabView.app */ = {isa = PBXFileReference; explicitFileType = wrapper.application; includeInIndex = 0; path = ScrollableTabView.app; sourceTree = BUILT_PRODUCTS_DIR; };
		072AF11D2BD7CDF400F2CB72 /* ScrollableTabViewApp.swift */ = {isa = PBXFileReference; lastKnownFileType = sourcecode.swift; path = ScrollableTabViewApp.swift; sourceTree = "<group>"; };
		072AF11F2BD7CDF400F2CB72 /* ContentView.swift */ = {isa = PBXFileReference; lastKnownFileType = sourcecode.swift; path = ContentView.swift; sourceTree = "<group>"; };
		072AF1212BD7CDF500F2CB72 /* Assets.xcassets */ = {isa = PBXFileReference; lastKnownFileType = folder.assetcatalog; path = Assets.xcassets; sourceTree = "<group>"; };
		072AF1242BD7CDF500F2CB72 /* Preview Assets.xcassets */ = {isa = PBXFileReference; lastKnownFileType = folder.assetcatalog; path = "Preview Assets.xcassets"; sourceTree = "<group>"; };
		072AF12D2BD7CF7800F2CB72 /* Home.swift */ = {isa = PBXFileReference; lastKnownFileType = sourcecode.swift; path = Home.swift; sourceTree = "<group>"; };
		072AF12F2BD7CF9000F2CB72 /* Tab.swift */ = {isa = PBXFileReference; lastKnownFileType = sourcecode.swift; path = Tab.swift; sourceTree = "<group>"; };
		072AF1322BD7D70600F2CB72 /* View+Extensions.swift */ = {isa = PBXFileReference; lastKnownFileType = sourcecode.swift; path = "View+Extensions.swift"; sourceTree = "<group>"; };
/* End PBXFileReference section */

/* Begin PBXFrameworksBuildPhase section */
		072AF1172BD7CDF400F2CB72 /* Frameworks */ = {
			isa = PBXFrameworksBuildPhase;
			buildActionMask = 2147483647;
			files = (
			);
			runOnlyForDeploymentPostprocessing = 0;
		};
/* End PBXFrameworksBuildPhase section */

/* Begin PBXGroup section */
		072AF1112BD7CDF400F2CB72 = {
			isa = PBXGroup;
			children = (
				072AF11C2BD7CDF400F2CB72 /* ScrollableTabView */,
				072AF11B2BD7CDF400F2CB72 /* Products */,
			);
			sourceTree = "<group>";
		};
		072AF11B2BD7CDF400F2CB72 /* Products */ = {
			isa = PBXGroup;
			children = (
				072AF11A2BD7CDF400F2CB72 /* ScrollableTabView.app */,
			);
			name = Products;
			sourceTree = "<group>";
		};
		072AF11C2BD7CDF400F2CB72 /* ScrollableTabView */ = {
			isa = PBXGroup;
			children = (
				072AF1312BD7D6FA00F2CB72 /* Helpers */,
				072AF12C2BD7CF6700F2CB72 /* View */,
				072AF12B2BD7CE9200F2CB72 /* Model */,
				072AF11D2BD7CDF400F2CB72 /* ScrollableTabViewApp.swift */,
				072AF11F2BD7CDF400F2CB72 /* ContentView.swift */,
				072AF1212BD7CDF500F2CB72 /* Assets.xcassets */,
				072AF1232BD7CDF500F2CB72 /* Preview Content */,
			);
			path = ScrollableTabView;
			sourceTree = "<group>";
		};
		072AF1232BD7CDF500F2CB72 /* Preview Content */ = {
			isa = PBXGroup;
			children = (
				072AF1242BD7CDF500F2CB72 /* Preview Assets.xcassets */,
			);
			path = "Preview Content";
			sourceTree = "<group>";
		};
		072AF12B2BD7CE9200F2CB72 /* Model */ = {
			isa = PBXGroup;
			children = (
				072AF12F2BD7CF9000F2CB72 /* Tab.swift */,
			);
			path = Model;
			sourceTree = "<group>";
		};
		072AF12C2BD7CF6700F2CB72 /* View */ = {
			isa = PBXGroup;
			children = (
				072AF12D2BD7CF7800F2CB72 /* Home.swift */,
			);
			path = View;
			sourceTree = "<group>";
		};
		072AF1312BD7D6FA00F2CB72 /* Helpers */ = {
			isa = PBXGroup;
			children = (
				072AF1322BD7D70600F2CB72 /* View+Extensions.swift */,
			);
			path = Helpers;
			sourceTree = "<group>";
		};
/* End PBXGroup section */

/* Begin PBXNativeTarget section */
		072AF1192BD7CDF400F2CB72 /* ScrollableTabView */ = {
			isa = PBXNativeTarget;
			buildConfigurationList = 072AF1282BD7CDF500F2CB72 /* Build configuration list for PBXNativeTarget "ScrollableTabView" */;
			buildPhases = (
				072AF1162BD7CDF400F2CB72 /* Sources */,
				072AF1172BD7CDF400F2CB72 /* Frameworks */,
				072AF1182BD7CDF400F2CB72 /* Resources */,
			);
			buildRules = (
			);
			dependencies = (
			);
			name = ScrollableTabView;
			productName = ScrollableTabView;
			productReference = 072AF11A2BD7CDF400F2CB72 /* ScrollableTabView.app */;
			productType = "com.apple.product-type.application";
		};
/* End PBXNativeTarget section */

/* Begin PBXProject section */
		072AF1122BD7CDF400F2CB72 /* Project object */ = {
			isa = PBXProject;
			attributes = {
				BuildIndependentTargetsInParallel = 1;
				LastSwiftUpdateCheck = 1530;
				LastUpgradeCheck = 1530;
				TargetAttributes = {
					072AF1192BD7CDF400F2CB72 = {
						CreatedOnToolsVersion = 15.3;
					};
				};
			};
			buildConfigurationList = 072AF1152BD7CDF400F2CB72 /* Build configuration list for PBXProject "ScrollableTabView" */;
			compatibilityVersion = "Xcode 14.0";
			developmentRegion = en;
			hasScannedForEncodings = 0;
			knownRegions = (
				en,
				Base,
			);
			mainGroup = 072AF1112BD7CDF400F2CB72;
			productRefGroup = 072AF11B2BD7CDF400F2CB72 /* Products */;
			projectDirPath = "";
			projectRoot = "";
			targets = (
				072AF1192BD7CDF400F2CB72 /* ScrollableTabView */,
			);
		};
/* End PBXProject section */

/* Begin PBXResourcesBuildPhase section */
		072AF1182BD7CDF400F2CB72 /* Resources */ = {
			isa = PBXResourcesBuildPhase;
			buildActionMask = 2147483647;
			files = (
				072AF1252BD7CDF500F2CB72 /* Preview Assets.xcassets in Resources */,
				072AF1222BD7CDF500F2CB72 /* Assets.xcassets in Resources */,
			);
			runOnlyForDeploymentPostprocessing = 0;
		};
/* End PBXResourcesBuildPhase section */

/* Begin PBXSourcesBuildPhase section */
		072AF1162BD7CDF400F2CB72 /* Sources */ = {
			isa = PBXSourcesBuildPhase;
			buildActionMask = 2147483647;
			files = (
				072AF1202BD7CDF400F2CB72 /* ContentView.swift in Sources */,
				072AF12E2BD7CF7800F2CB72 /* Home.swift in Sources */,
				072AF11E2BD7CDF400F2CB72 /* ScrollableTabViewApp.swift in Sources */,
				072AF1332BD7D70600F2CB72 /* View+Extensions.swift in Sources */,
				072AF1302BD7CF9000F2CB72 /* Tab.swift in Sources */,
			);
			runOnlyForDeploymentPostprocessing = 0;
		};
/* End PBXSourcesBuildPhase section */

/* Begin XCBuildConfiguration section */
		072AF1262BD7CDF500F2CB72 /* Debug */ = {
			isa = XCBuildConfiguration;
			buildSettings = {
				ALWAYS_SEARCH_USER_PATHS = NO;
				ASSETCATALOG_COMPILER_GENERATE_SWIFT_ASSET_SYMBOL_EXTENSIONS = YES;
				CLANG_ANALYZER_NONNULL = YES;
				CLANG_ANALYZER_NUMBER_OBJECT_CONVERSION = YES_AGGRESSIVE;
				CLANG_CXX_LANGUAGE_STANDARD = "gnu++20";
				CLANG_ENABLE_MODULES = YES;
				CLANG_ENABLE_OBJC_ARC = YES;
				CLANG_ENABLE_OBJC_WEAK = YES;
				CLANG_WARN_BLOCK_CAPTURE_AUTORELEASING = YES;
				CLANG_WARN_BOOL_CONVERSION = YES;
				CLANG_WARN_COMMA = YES;
				CLANG_WARN_CONSTANT_CONVERSION = YES;
				CLANG_WARN_DEPRECATED_OBJC_IMPLEMENTATIONS = YES;
				CLANG_WARN_DIRECT_OBJC_ISA_USAGE = YES_ERROR;
				CLANG_WARN_DOCUMENTATION_COMMENTS = YES;
				CLANG_WARN_EMPTY_BODY = YES;
				CLANG_WARN_ENUM_CONVERSION = YES;
				CLANG_WARN_INFINITE_RECURSION = YES;
				CLANG_WARN_INT_CONVERSION = YES;
				CLANG_WARN_NON_LITERAL_NULL_CONVERSION = YES;
				CLANG_WARN_OBJC_IMPLICIT_RETAIN_SELF = YES;
				CLANG_WARN_OBJC_LITERAL_CONVERSION = YES;
				CLANG_WARN_OBJC_ROOT_CLASS = YES_ERROR;
				CLANG_WARN_QUOTED_INCLUDE_IN_FRAMEWORK_HEADER = YES;
				CLANG_WARN_RANGE_LOOP_ANALYSIS = YES;
				CLANG_WARN_STRICT_PROTOTYPES = YES;
				CLANG_WARN_SUSPICIOUS_MOVE = YES;
				CLANG_WARN_UNGUARDED_AVAILABILITY = YES_AGGRESSIVE;
				CLANG_WARN_UNREACHABLE_CODE = YES;
				CLANG_WARN__DUPLICATE_METHOD_MATCH = YES;
				COPY_PHASE_STRIP = NO;
				DEBUG_INFORMATION_FORMAT = dwarf;
				ENABLE_STRICT_OBJC_MSGSEND = YES;
				ENABLE_TESTABILITY = YES;
				ENABLE_USER_SCRIPT_SANDBOXING = YES;
				GCC_C_LANGUAGE_STANDARD = gnu17;
				GCC_DYNAMIC_NO_PIC = NO;
				GCC_NO_COMMON_BLOCKS = YES;
				GCC_OPTIMIZATION_LEVEL = 0;
				GCC_PREPROCESSOR_DEFINITIONS = (
					"DEBUG=1",
					"$(inherited)",
				);
				GCC_WARN_64_TO_32_BIT_CONVERSION = YES;
				GCC_WARN_ABOUT_RETURN_TYPE = YES_ERROR;
				GCC_WARN_UNDECLARED_SELECTOR = YES;
				GCC_WARN_UNINITIALIZED_AUTOS = YES_AGGRESSIVE;
				GCC_WARN_UNUSED_FUNCTION = YES;
				GCC_WARN_UNUSED_VARIABLE = YES;
				IPHONEOS_DEPLOYMENT_TARGET = 17.4;
				LOCALIZATION_PREFERS_STRING_CATALOGS = YES;
				MTL_ENABLE_DEBUG_INFO = INCLUDE_SOURCE;
				MTL_FAST_MATH = YES;
				ONLY_ACTIVE_ARCH = YES;
				SDKROOT = iphoneos;
				SWIFT_ACTIVE_COMPILATION_CONDITIONS = "DEBUG $(inherited)";
				SWIFT_OPTIMIZATION_LEVEL = "-Onone";
			};
			name = Debug;
		};
		072AF1272BD7CDF500F2CB72 /* Release */ = {
			isa = XCBuildConfiguration;
			buildSettings = {
				ALWAYS_SEARCH_USER_PATHS = NO;
				ASSETCATALOG_COMPILER_GENERATE_SWIFT_ASSET_SYMBOL_EXTENSIONS = YES;
				CLANG_ANALYZER_NONNULL = YES;
				CLANG_ANALYZER_NUMBER_OBJECT_CONVERSION = YES_AGGRESSIVE;
				CLANG_CXX_LANGUAGE_STANDARD = "gnu++20";
				CLANG_ENABLE_MODULES = YES;
				CLANG_ENABLE_OBJC_ARC = YES;
				CLANG_ENABLE_OBJC_WEAK = YES;
				CLANG_WARN_BLOCK_CAPTURE_AUTORELEASING = YES;
				CLANG_WARN_BOOL_CONVERSION = YES;
				CLANG_WARN_COMMA = YES;
				CLANG_WARN_CONSTANT_CONVERSION = YES;
				CLANG_WARN_DEPRECATED_OBJC_IMPLEMENTATIONS = YES;
				CLANG_WARN_DIRECT_OBJC_ISA_USAGE = YES_ERROR;
				CLANG_WARN_DOCUMENTATION_COMMENTS = YES;
				CLANG_WARN_EMPTY_BODY = YES;
				CLANG_WARN_ENUM_CONVERSION = YES;
				CLANG_WARN_INFINITE_RECURSION = YES;
				CLANG_WARN_INT_CONVERSION = YES;
				CLANG_WARN_NON_LITERAL_NULL_CONVERSION = YES;
				CLANG_WARN_OBJC_IMPLICIT_RETAIN_SELF = YES;
				CLANG_WARN_OBJC_LITERAL_CONVERSION = YES;
				CLANG_WARN_OBJC_ROOT_CLASS = YES_ERROR;
				CLANG_WARN_QUOTED_INCLUDE_IN_FRAMEWORK_HEADER = YES;
				CLANG_WARN_RANGE_LOOP_ANALYSIS = YES;
				CLANG_WARN_STRICT_PROTOTYPES = YES;
				CLANG_WARN_SUSPICIOUS_MOVE = YES;
				CLANG_WARN_UNGUARDED_AVAILABILITY = YES_AGGRESSIVE;
				CLANG_WARN_UNREACHABLE_CODE = YES;
				CLANG_WARN__DUPLICATE_METHOD_MATCH = YES;
				COPY_PHASE_STRIP = NO;
				DEBUG_INFORMATION_FORMAT = "dwarf-with-dsym";
				ENABLE_NS_ASSERTIONS = NO;
				ENABLE_STRICT_OBJC_MSGSEND = YES;
				ENABLE_USER_SCRIPT_SANDBOXING = YES;
				GCC_C_LANGUAGE_STANDARD = gnu17;
				GCC_NO_COMMON_BLOCKS = YES;
				GCC_WARN_64_TO_32_BIT_CONVERSION = YES;
				GCC_WARN_ABOUT_RETURN_TYPE = YES_ERROR;
				GCC_WARN_UNDECLARED_SELECTOR = YES;
				GCC_WARN_UNINITIALIZED_AUTOS = YES_AGGRESSIVE;
				GCC_WARN_UNUSED_FUNCTION = YES;
				GCC_WARN_UNUSED_VARIABLE = YES;
				IPHONEOS_DEPLOYMENT_TARGET = 17.4;
				LOCALIZATION_PREFERS_STRING_CATALOGS = YES;
				MTL_ENABLE_DEBUG_INFO = NO;
				MTL_FAST_MATH = YES;
				SDKROOT = iphoneos;
				SWIFT_COMPILATION_MODE = wholemodule;
				VALIDATE_PRODUCT = YES;
			};
			name = Release;
		};
		072AF1292BD7CDF500F2CB72 /* Debug */ = {
			isa = XCBuildConfiguration;
			buildSettings = {
				ASSETCATALOG_COMPILER_APPICON_NAME = AppIcon;
				ASSETCATALOG_COMPILER_GLOBAL_ACCENT_COLOR_NAME = AccentColor;
				CODE_SIGN_STYLE = Automatic;
				CURRENT_PROJECT_VERSION = 1;
				DEVELOPMENT_ASSET_PATHS = "\"ScrollableTabView/Preview Content\"";
				DEVELOPMENT_TEAM = N7U86CXUTC;
				ENABLE_PREVIEWS = YES;
				GENERATE_INFOPLIST_FILE = YES;
				INFOPLIST_KEY_UIApplicationSceneManifest_Generation = YES;
				INFOPLIST_KEY_UIApplicationSupportsIndirectInputEvents = YES;
				INFOPLIST_KEY_UILaunchScreen_Generation = YES;
				INFOPLIST_KEY_UISupportedInterfaceOrientations_iPad = "UIInterfaceOrientationPortrait UIInterfaceOrientationPortraitUpsideDown UIInterfaceOrientationLandscapeLeft UIInterfaceOrientationLandscapeRight";
				INFOPLIST_KEY_UISupportedInterfaceOrientations_iPhone = "UIInterfaceOrientationPortrait UIInterfaceOrientationLandscapeLeft UIInterfaceOrientationLandscapeRight";
				LD_RUNPATH_SEARCH_PATHS = (
					"$(inherited)",
					"@executable_path/Frameworks",
				);
				MARKETING_VERSION = 1.0;
				PRODUCT_BUNDLE_IDENTIFIER = com.mandeul.ScrollableTabView;
				PRODUCT_NAME = "$(TARGET_NAME)";
				SWIFT_EMIT_LOC_STRINGS = YES;
				SWIFT_VERSION = 5.0;
				TARGETED_DEVICE_FAMILY = "1,2";
			};
			name = Debug;
		};
		072AF12A2BD7CDF500F2CB72 /* Release */ = {
			isa = XCBuildConfiguration;
			buildSettings = {
				ASSETCATALOG_COMPILER_APPICON_NAME = AppIcon;
				ASSETCATALOG_COMPILER_GLOBAL_ACCENT_COLOR_NAME = AccentColor;
				CODE_SIGN_STYLE = Automatic;
				CURRENT_PROJECT_VERSION = 1;
				DEVELOPMENT_ASSET_PATHS = "\"ScrollableTabView/Preview Content\"";
				DEVELOPMENT_TEAM = N7U86CXUTC;
				ENABLE_PREVIEWS = YES;
				GENERATE_INFOPLIST_FILE = YES;
				INFOPLIST_KEY_UIApplicationSceneManifest_Generation = YES;
				INFOPLIST_KEY_UIApplicationSupportsIndirectInputEvents = YES;
				INFOPLIST_KEY_UILaunchScreen_Generation = YES;
				INFOPLIST_KEY_UISupportedInterfaceOrientations_iPad = "UIInterfaceOrientationPortrait UIInterfaceOrientationPortraitUpsideDown UIInterfaceOrientationLandscapeLeft UIInterfaceOrientationLandscapeRight";
				INFOPLIST_KEY_UISupportedInterfaceOrientations_iPhone = "UIInterfaceOrientationPortrait UIInterfaceOrientationLandscapeLeft UIInterfaceOrientationLandscapeRight";
				LD_RUNPATH_SEARCH_PATHS = (
					"$(inherited)",
					"@executable_path/Frameworks",
				);
				MARKETING_VERSION = 1.0;
				PRODUCT_BUNDLE_IDENTIFIER = com.mandeul.ScrollableTabView;
				PRODUCT_NAME = "$(TARGET_NAME)";
				SWIFT_EMIT_LOC_STRINGS = YES;
				SWIFT_VERSION = 5.0;
				TARGETED_DEVICE_FAMILY = "1,2";
			};
			name = Release;
		};
/* End XCBuildConfiguration section */

/* Begin XCConfigurationList section */
		072AF1152BD7CDF400F2CB72 /* Build configuration list for PBXProject "ScrollableTabView" */ = {
			isa = XCConfigurationList;
			buildConfigurations = (
				072AF1262BD7CDF500F2CB72 /* Debug */,
				072AF1272BD7CDF500F2CB72 /* Release */,
			);
			defaultConfigurationIsVisible = 0;
			defaultConfigurationName = Release;
		};
		072AF1282BD7CDF500F2CB72 /* Build configuration list for PBXNativeTarget "ScrollableTabView" */ = {
			isa = XCConfigurationList;
			buildConfigurations = (
				072AF1292BD7CDF500F2CB72 /* Debug */,
				072AF12A2BD7CDF500F2CB72 /* Release */,
			);
			defaultConfigurationIsVisible = 0;
			defaultConfigurationName = Release;
		};
/* End XCConfigurationList section */
	};
	rootObject = 072AF1122BD7CDF400F2CB72 /* Project object */;
}
